{
  "version": 4,
  "terraform_version": "1.5.7",
  "serial": 30,
  "lineage": "afe79164-6930-566d-cf30-e98ee16a43a5",
  "outputs": {},
  "resources": [
    {
      "mode": "managed",
      "type": "azurerm_container_registry",
      "name": "acr",
      "provider": "provider[\"registry.terraform.io/hashicorp/azurerm\"]",
      "instances": [
        {
          "schema_version": 2,
          "attributes": {
            "admin_enabled": true,
            "admin_password": "avYQVabJDar9DD8GhG1zu5fFmJQfzUHULhGhxaqP3I+ACRDs7U8C",
            "admin_username": "acrgithubactions",
            "anonymous_pull_enabled": false,
            "data_endpoint_enabled": false,
            "encryption": [
              {
                "enabled": false,
                "identity_client_id": "",
                "key_vault_key_id": ""
              }
            ],
            "export_policy_enabled": true,
            "georeplications": [],
            "id": "/subscriptions/1dabcf09-861c-4374-aebf-d63be509564b/resourceGroups/container-githubactions-rg/providers/Microsoft.ContainerRegistry/registries/acrgithubactions",
            "identity": [],
            "location": "eastus",
            "login_server": "acrgithubactions.azurecr.io",
            "name": "acrgithubactions",
            "network_rule_bypass_option": "AzureServices",
            "network_rule_set": [],
            "public_network_access_enabled": true,
            "quarantine_policy_enabled": false,
            "resource_group_name": "container-githubactions-rg",
            "retention_policy": [
              {
                "days": 7,
                "enabled": false
              }
            ],
            "sku": "Standard",
            "tags": {},
            "timeouts": null,
            "trust_policy": [
              {
                "enabled": false
              }
            ],
            "zone_redundancy_enabled": false
          },
          "sensitive_attributes": [],
          "private": "eyJlMmJmYjczMC1lY2FhLTExZTYtOGY4OC0zNDM2M2JjN2M0YzAiOnsiY3JlYXRlIjoxODAwMDAwMDAwMDAwLCJkZWxldGUiOjE4MDAwMDAwMDAwMDAsInJlYWQiOjMwMDAwMDAwMDAwMCwidXBkYXRlIjoxODAwMDAwMDAwMDAwfSwic2NoZW1hX3ZlcnNpb24iOiIyIn0=",
          "dependencies": [
            "azurerm_resource_group.rg"
          ]
        }
      ]
    },
    {
      "mode": "managed",
      "type": "azurerm_resource_group",
      "name": "rg",
      "provider": "provider[\"registry.terraform.io/hashicorp/azurerm\"]",
      "instances": [
        {
          "schema_version": 0,
          "attributes": {
            "id": "/subscriptions/1dabcf09-861c-4374-aebf-d63be509564b/resourceGroups/container-githubactions-rg",
            "location": "eastus",
            "managed_by": "",
            "name": "container-githubactions-rg",
            "tags": {},
            "timeouts": null
          },
          "sensitive_attributes": [],
          "private": "eyJlMmJmYjczMC1lY2FhLTExZTYtOGY4OC0zNDM2M2JjN2M0YzAiOnsiY3JlYXRlIjo1NDAwMDAwMDAwMDAwLCJkZWxldGUiOjU0MDAwMDAwMDAwMDAsInJlYWQiOjMwMDAwMDAwMDAwMCwidXBkYXRlIjo1NDAwMDAwMDAwMDAwfX0="
        }
      ]
    },
    {
      "mode": "managed",
      "type": "azurerm_service_plan",
      "name": "svc_plan",
      "provider": "provider[\"registry.terraform.io/hashicorp/azurerm\"]",
      "instances": [
        {
          "schema_version": 1,
          "attributes": {
            "app_service_environment_id": "",
            "id": "/subscriptions/1dabcf09-861c-4374-aebf-d63be509564b/resourceGroups/container-githubactions-rg/providers/Microsoft.Web/serverFarms/container-service-plan",
            "kind": "functionapp",
            "location": "eastus",
            "maximum_elastic_worker_count": 0,
            "name": "container-service-plan",
            "os_type": "Linux",
            "per_site_scaling_enabled": false,
            "reserved": true,
            "resource_group_name": "container-githubactions-rg",
            "sku_name": "Y1",
            "tags": {},
            "timeouts": null,
            "worker_count": 0,
            "zone_balancing_enabled": false
          },
          "sensitive_attributes": [],
          "private": "eyJlMmJmYjczMC1lY2FhLTExZTYtOGY4OC0zNDM2M2JjN2M0YzAiOnsiY3JlYXRlIjozNjAwMDAwMDAwMDAwLCJkZWxldGUiOjM2MDAwMDAwMDAwMDAsInJlYWQiOjMwMDAwMDAwMDAwMCwidXBkYXRlIjozNjAwMDAwMDAwMDAwfSwic2NoZW1hX3ZlcnNpb24iOiIxIn0=",
          "dependencies": [
            "azurerm_resource_group.rg"
          ]
        }
      ]
    },
    {
      "mode": "managed",
      "type": "azurerm_storage_account",
      "name": "strg",
      "provider": "provider[\"registry.terraform.io/hashicorp/azurerm\"]",
      "instances": [
        {
          "schema_version": 4,
          "attributes": {
            "access_tier": "Hot",
            "account_kind": "StorageV2",
            "account_replication_type": "LRS",
            "account_tier": "Standard",
            "allow_nested_items_to_be_public": true,
            "allowed_copy_scope": "",
            "azure_files_authentication": [],
            "blob_properties": [
              {
                "change_feed_enabled": false,
                "change_feed_retention_in_days": 0,
                "container_delete_retention_policy": [],
                "cors_rule": [],
                "default_service_version": "",
                "delete_retention_policy": [],
                "last_access_time_enabled": false,
                "restore_policy": [],
                "versioning_enabled": false
              }
            ],
            "cross_tenant_replication_enabled": true,
            "custom_domain": [],
            "customer_managed_key": [],
            "default_to_oauth_authentication": false,
            "dns_endpoint_type": "Standard",
            "edge_zone": "",
            "enable_https_traffic_only": true,
            "id": "/subscriptions/1dabcf09-861c-4374-aebf-d63be509564b/resourceGroups/container-githubactions-rg/providers/Microsoft.Storage/storageAccounts/containerfunctionghbsa",
            "identity": [],
            "immutability_policy": [],
            "infrastructure_encryption_enabled": false,
            "is_hns_enabled": false,
            "large_file_share_enabled": null,
            "local_user_enabled": true,
            "location": "eastus",
            "min_tls_version": "TLS1_2",
            "name": "containerfunctionghbsa",
            "network_rules": [
              {
                "bypass": [
                  "AzureServices"
                ],
                "default_action": "Allow",
                "ip_rules": [],
                "private_link_access": [],
                "virtual_network_subnet_ids": []
              }
            ],
            "nfsv3_enabled": false,
            "primary_access_key": "kXn3ls4yPSaikuFUy2JLueTFYAmesyJ7jgdHIumeP4jP1eTnfVC2PZubRF5mORd3LtDcE7Fe1RBt+AStZeP6HA==",
            "primary_blob_connection_string": "DefaultEndpointsProtocol=https;BlobEndpoint=https://containerfunctionghbsa.blob.core.windows.net/;AccountName=containerfunctionghbsa;AccountKey=kXn3ls4yPSaikuFUy2JLueTFYAmesyJ7jgdHIumeP4jP1eTnfVC2PZubRF5mORd3LtDcE7Fe1RBt+AStZeP6HA==",
            "primary_blob_endpoint": "https://containerfunctionghbsa.blob.core.windows.net/",
            "primary_blob_host": "containerfunctionghbsa.blob.core.windows.net",
            "primary_blob_internet_endpoint": "",
            "primary_blob_internet_host": "",
            "primary_blob_microsoft_endpoint": "",
            "primary_blob_microsoft_host": "",
            "primary_connection_string": "DefaultEndpointsProtocol=https;AccountName=containerfunctionghbsa;AccountKey=kXn3ls4yPSaikuFUy2JLueTFYAmesyJ7jgdHIumeP4jP1eTnfVC2PZubRF5mORd3LtDcE7Fe1RBt+AStZeP6HA==;EndpointSuffix=core.windows.net",
            "primary_dfs_endpoint": "https://containerfunctionghbsa.dfs.core.windows.net/",
            "primary_dfs_host": "containerfunctionghbsa.dfs.core.windows.net",
            "primary_dfs_internet_endpoint": "",
            "primary_dfs_internet_host": "",
            "primary_dfs_microsoft_endpoint": "",
            "primary_dfs_microsoft_host": "",
            "primary_file_endpoint": "https://containerfunctionghbsa.file.core.windows.net/",
            "primary_file_host": "containerfunctionghbsa.file.core.windows.net",
            "primary_file_internet_endpoint": "",
            "primary_file_internet_host": "",
            "primary_file_microsoft_endpoint": "",
            "primary_file_microsoft_host": "",
            "primary_location": "eastus",
            "primary_queue_endpoint": "https://containerfunctionghbsa.queue.core.windows.net/",
            "primary_queue_host": "containerfunctionghbsa.queue.core.windows.net",
            "primary_queue_microsoft_endpoint": "",
            "primary_queue_microsoft_host": "",
            "primary_table_endpoint": "https://containerfunctionghbsa.table.core.windows.net/",
            "primary_table_host": "containerfunctionghbsa.table.core.windows.net",
            "primary_table_microsoft_endpoint": "",
            "primary_table_microsoft_host": "",
            "primary_web_endpoint": "https://containerfunctionghbsa.z13.web.core.windows.net/",
            "primary_web_host": "containerfunctionghbsa.z13.web.core.windows.net",
            "primary_web_internet_endpoint": "",
            "primary_web_internet_host": "",
            "primary_web_microsoft_endpoint": "",
            "primary_web_microsoft_host": "",
            "public_network_access_enabled": true,
            "queue_encryption_key_type": "Service",
            "queue_properties": [
              {
                "cors_rule": [],
                "hour_metrics": [
                  {
                    "enabled": true,
                    "include_apis": true,
                    "retention_policy_days": 7,
                    "version": "1.0"
                  }
                ],
                "logging": [
                  {
                    "delete": false,
                    "read": false,
                    "retention_policy_days": 0,
                    "version": "1.0",
                    "write": false
                  }
                ],
                "minute_metrics": [
                  {
                    "enabled": false,
                    "include_apis": false,
                    "retention_policy_days": 0,
                    "version": "1.0"
                  }
                ]
              }
            ],
            "resource_group_name": "container-githubactions-rg",
            "routing": [],
            "sas_policy": [],
            "secondary_access_key": "jLkn9Xh6TfNK1a7hIYA0VjEsd9nRrPg0qn58kEqRUmFF9h8v3JGYNfEpDhZogfOJpncuHmQd5d6U+AStYSWfSw==",
            "secondary_blob_connection_string": "",
            "secondary_blob_endpoint": null,
            "secondary_blob_host": null,
            "secondary_blob_internet_endpoint": null,
            "secondary_blob_internet_host": null,
            "secondary_blob_microsoft_endpoint": null,
            "secondary_blob_microsoft_host": null,
            "secondary_connection_string": "DefaultEndpointsProtocol=https;AccountName=containerfunctionghbsa;AccountKey=jLkn9Xh6TfNK1a7hIYA0VjEsd9nRrPg0qn58kEqRUmFF9h8v3JGYNfEpDhZogfOJpncuHmQd5d6U+AStYSWfSw==;EndpointSuffix=core.windows.net",
            "secondary_dfs_endpoint": null,
            "secondary_dfs_host": null,
            "secondary_dfs_internet_endpoint": null,
            "secondary_dfs_internet_host": null,
            "secondary_dfs_microsoft_endpoint": null,
            "secondary_dfs_microsoft_host": null,
            "secondary_file_endpoint": null,
            "secondary_file_host": null,
            "secondary_file_internet_endpoint": null,
            "secondary_file_internet_host": null,
            "secondary_file_microsoft_endpoint": null,
            "secondary_file_microsoft_host": null,
            "secondary_location": "",
            "secondary_queue_endpoint": null,
            "secondary_queue_host": null,
            "secondary_queue_microsoft_endpoint": null,
            "secondary_queue_microsoft_host": null,
            "secondary_table_endpoint": null,
            "secondary_table_host": null,
            "secondary_table_microsoft_endpoint": null,
            "secondary_table_microsoft_host": null,
            "secondary_web_endpoint": null,
            "secondary_web_host": null,
            "secondary_web_internet_endpoint": null,
            "secondary_web_internet_host": null,
            "secondary_web_microsoft_endpoint": null,
            "secondary_web_microsoft_host": null,
            "sftp_enabled": false,
            "share_properties": [
              {
                "cors_rule": [],
                "retention_policy": [
                  {
                    "days": 7
                  }
                ],
                "smb": []
              }
            ],
            "shared_access_key_enabled": true,
            "static_website": [],
            "table_encryption_key_type": "Service",
            "tags": null,
            "timeouts": null
          },
          "sensitive_attributes": [],
          "private": "eyJlMmJmYjczMC1lY2FhLTExZTYtOGY4OC0zNDM2M2JjN2M0YzAiOnsiY3JlYXRlIjozNjAwMDAwMDAwMDAwLCJkZWxldGUiOjM2MDAwMDAwMDAwMDAsInJlYWQiOjMwMDAwMDAwMDAwMCwidXBkYXRlIjozNjAwMDAwMDAwMDAwfSwic2NoZW1hX3ZlcnNpb24iOiI0In0=",
          "dependencies": [
            "azurerm_resource_group.rg"
          ]
        }
      ]
    }
  ],
  "check_results": null
}
