{
  "version": 4,
  "terraform_version": "1.5.7",
  "serial": 6,
  "lineage": "8a65d7bd-c2b3-0701-907a-24fde8ee0f8f",
  "outputs": {},
  "resources": [
    {
      "mode": "managed",
      "type": "azurerm_container_registry",
      "name": "acr",
      "provider": "provider[\"registry.terraform.io/hashicorp/azurerm\"]",
      "instances": [
        {
          "schema_version": 2,
          "attributes": {
            "admin_enabled": true,
            "admin_password": "A7xV7Ou+PZ9zKeMX8qChr9mRsLw9miqsLewha9eEbH+ACRA6zTez",
            "admin_username": "acrgithubactions",
            "anonymous_pull_enabled": false,
            "data_endpoint_enabled": false,
            "encryption": [
              {
                "enabled": false,
                "identity_client_id": "",
                "key_vault_key_id": ""
              }
            ],
            "export_policy_enabled": true,
            "georeplications": [],
            "id": "/subscriptions/1dabcf09-861c-4374-aebf-d63be509564b/resourceGroups/container-githubactions-rg/providers/Microsoft.ContainerRegistry/registries/acrgithubactions",
            "identity": [],
            "location": "eastus",
            "login_server": "acrgithubactions.azurecr.io",
            "name": "acrgithubactions",
            "network_rule_bypass_option": "AzureServices",
            "network_rule_set": [],
            "public_network_access_enabled": true,
            "quarantine_policy_enabled": false,
            "resource_group_name": "container-githubactions-rg",
            "retention_policy": [
              {
                "days": 7,
                "enabled": false
              }
            ],
            "sku": "Standard",
            "tags": null,
            "timeouts": null,
            "trust_policy": [
              {
                "enabled": false
              }
            ],
            "zone_redundancy_enabled": false
          },
          "sensitive_attributes": [],
          "private": "eyJlMmJmYjczMC1lY2FhLTExZTYtOGY4OC0zNDM2M2JjN2M0YzAiOnsiY3JlYXRlIjoxODAwMDAwMDAwMDAwLCJkZWxldGUiOjE4MDAwMDAwMDAwMDAsInJlYWQiOjMwMDAwMDAwMDAwMCwidXBkYXRlIjoxODAwMDAwMDAwMDAwfSwic2NoZW1hX3ZlcnNpb24iOiIyIn0=",
          "dependencies": [
            "azurerm_resource_group.rg"
          ]
        }
      ]
    },
    {
      "mode": "managed",
      "type": "azurerm_linux_function_app",
      "name": "func_app",
      "provider": "provider[\"registry.terraform.io/hashicorp/azurerm\"]",
      "instances": [
        {
          "schema_version": 1,
          "attributes": {
            "app_settings": null,
            "auth_settings": [],
            "auth_settings_v2": [],
            "backup": [],
            "builtin_logging_enabled": true,
            "client_certificate_enabled": false,
            "client_certificate_exclusion_paths": "",
            "client_certificate_mode": "Optional",
            "connection_string": [],
            "content_share_force_disabled": false,
            "custom_domain_verification_id": "0E256D01781D31A5B5F7B34DDF4025BDB7C855578A7F3DDE094F2F9E01356B29",
            "daily_memory_time_quota": 0,
            "default_hostname": "ghb-container-function.azurewebsites.net",
            "enabled": true,
            "ftp_publish_basic_authentication_enabled": true,
            "functions_extension_version": "~4",
            "hosting_environment_id": "",
            "https_only": false,
            "id": "/subscriptions/1dabcf09-861c-4374-aebf-d63be509564b/resourceGroups/container-githubactions-rg/providers/Microsoft.Web/sites/ghb-container-function",
            "identity": [],
            "key_vault_reference_identity_id": "SystemAssigned",
            "kind": "functionapp,linux",
            "location": "eastus",
            "name": "ghb-container-function",
            "outbound_ip_address_list": [
              "4.255.18.226",
              "4.255.18.249",
              "4.255.18.252",
              "4.255.17.157",
              "4.255.18.24",
              "4.255.19.31",
              "20.119.8.50"
            ],
            "outbound_ip_addresses": "4.255.18.226,4.255.18.249,4.255.18.252,4.255.17.157,4.255.18.24,4.255.19.31,20.119.8.50",
            "possible_outbound_ip_address_list": [
              "4.255.19.126",
              "4.255.19.133",
              "4.255.17.212",
              "172.171.137.209",
              "172.171.137.245",
              "172.171.138.8",
              "4.255.16.209",
              "4.255.17.141",
              "4.255.17.156",
              "4.255.17.198",
              "4.255.17.242",
              "4.255.17.136",
              "4.255.18.25",
              "4.255.18.77",
              "4.255.18.115",
              "4.255.18.105",
              "4.255.18.139",
              "4.255.18.180",
              "4.255.18.226",
              "4.255.18.249",
              "4.255.18.252",
              "4.255.17.157",
              "4.255.18.24",
              "4.255.19.31",
              "4.255.19.126",
              "4.255.19.133",
              "4.255.17.212",
              "172.171.137.209",
              "172.171.137.245",
              "172.171.138.8",
              "172.171.138.44",
              "172.171.138.71",
              "172.171.138.72",
              "172.171.138.84",
              "172.171.138.88",
              "172.171.138.90",
              "20.119.8.50"
            ],
            "possible_outbound_ip_addresses": "4.255.19.126,4.255.19.133,4.255.17.212,172.171.137.209,172.171.137.245,172.171.138.8,4.255.16.209,4.255.17.141,4.255.17.156,4.255.17.198,4.255.17.242,4.255.17.136,4.255.18.25,4.255.18.77,4.255.18.115,4.255.18.105,4.255.18.139,4.255.18.180,4.255.18.226,4.255.18.249,4.255.18.252,4.255.17.157,4.255.18.24,4.255.19.31,4.255.19.126,4.255.19.133,4.255.17.212,172.171.137.209,172.171.137.245,172.171.138.8,172.171.138.44,172.171.138.71,172.171.138.72,172.171.138.84,172.171.138.88,172.171.138.90,20.119.8.50",
            "public_network_access_enabled": true,
            "resource_group_name": "container-githubactions-rg",
            "service_plan_id": "/subscriptions/1dabcf09-861c-4374-aebf-d63be509564b/resourceGroups/container-githubactions-rg/providers/Microsoft.Web/serverFarms/container-service-plan",
            "site_config": [
              {
                "always_on": false,
                "api_definition_url": "",
                "api_management_api_id": "",
                "app_command_line": "",
                "app_scale_limit": 0,
                "app_service_logs": [],
                "application_insights_connection_string": "",
                "application_insights_key": "",
                "application_stack": [],
                "container_registry_managed_identity_client_id": "",
                "container_registry_use_managed_identity": false,
                "cors": [],
                "default_documents": [
                  "Default.htm",
                  "Default.html",
                  "Default.asp",
                  "index.htm",
                  "index.html",
                  "iisstart.htm",
                  "default.aspx",
                  "index.php"
                ],
                "detailed_error_logging_enabled": false,
                "elastic_instance_minimum": 0,
                "ftps_state": "Disabled",
                "health_check_eviction_time_in_min": 0,
                "health_check_path": "",
                "http2_enabled": false,
                "ip_restriction": [],
                "ip_restriction_default_action": "Allow",
                "linux_fx_version": "",
                "load_balancing_mode": "LeastRequests",
                "managed_pipeline_mode": "Integrated",
                "minimum_tls_version": "1.2",
                "pre_warmed_instance_count": 0,
                "remote_debugging_enabled": false,
                "remote_debugging_version": "",
                "runtime_scale_monitoring_enabled": false,
                "scm_ip_restriction": [],
                "scm_ip_restriction_default_action": "Allow",
                "scm_minimum_tls_version": "1.2",
                "scm_type": "None",
                "scm_use_main_ip_restriction": false,
                "use_32_bit_worker": false,
                "vnet_route_all_enabled": false,
                "websockets_enabled": false,
                "worker_count": 1
              }
            ],
            "site_credential": [
              {
                "name": "$ghb-container-function",
                "password": "gXtp7r3za78bCu6Rw036DoHFlRop3HQMTFnjvm3ptvAp0P2E95uE0tGTgx7l"
              }
            ],
            "sticky_settings": [],
            "storage_account": [],
            "storage_account_access_key": "ADdNi62B0gIloZRqp7g91NvzIGudDeyU8j3Bcaev1ouIp0R0vbAEjvKEj6V8MKXW/i3/Iwr7t8HQ+AStesVH4A==",
            "storage_account_name": "containerfunctionghbsa",
            "storage_key_vault_secret_id": "",
            "storage_uses_managed_identity": false,
            "tags": null,
            "timeouts": null,
            "virtual_network_subnet_id": "",
            "webdeploy_publish_basic_authentication_enabled": true,
            "zip_deploy_file": ""
          },
          "sensitive_attributes": [
            [
              {
                "type": "get_attr",
                "value": "storage_account_access_key"
              }
            ]
          ],
          "private": "eyJlMmJmYjczMC1lY2FhLTExZTYtOGY4OC0zNDM2M2JjN2M0YzAiOnsiY3JlYXRlIjoxODAwMDAwMDAwMDAwLCJkZWxldGUiOjE4MDAwMDAwMDAwMDAsInJlYWQiOjMwMDAwMDAwMDAwMCwidXBkYXRlIjoxODAwMDAwMDAwMDAwfSwic2NoZW1hX3ZlcnNpb24iOiIxIn0=",
          "dependencies": [
            "azurerm_resource_group.rg",
            "azurerm_service_plan.svc_plan",
            "azurerm_storage_account.strg"
          ]
        }
      ]
    },
    {
      "mode": "managed",
      "type": "azurerm_resource_group",
      "name": "rg",
      "provider": "provider[\"registry.terraform.io/hashicorp/azurerm\"]",
      "instances": [
        {
          "schema_version": 0,
          "attributes": {
            "id": "/subscriptions/1dabcf09-861c-4374-aebf-d63be509564b/resourceGroups/container-githubactions-rg",
            "location": "eastus",
            "managed_by": "",
            "name": "container-githubactions-rg",
            "tags": null,
            "timeouts": null
          },
          "sensitive_attributes": [],
          "private": "eyJlMmJmYjczMC1lY2FhLTExZTYtOGY4OC0zNDM2M2JjN2M0YzAiOnsiY3JlYXRlIjo1NDAwMDAwMDAwMDAwLCJkZWxldGUiOjU0MDAwMDAwMDAwMDAsInJlYWQiOjMwMDAwMDAwMDAwMCwidXBkYXRlIjo1NDAwMDAwMDAwMDAwfX0="
        }
      ]
    },
    {
      "mode": "managed",
      "type": "azurerm_service_plan",
      "name": "svc_plan",
      "provider": "provider[\"registry.terraform.io/hashicorp/azurerm\"]",
      "instances": [
        {
          "schema_version": 1,
          "attributes": {
            "app_service_environment_id": "",
            "id": "/subscriptions/1dabcf09-861c-4374-aebf-d63be509564b/resourceGroups/container-githubactions-rg/providers/Microsoft.Web/serverFarms/container-service-plan",
            "kind": "linux",
            "location": "eastus",
            "maximum_elastic_worker_count": 1,
            "name": "container-service-plan",
            "os_type": "Linux",
            "per_site_scaling_enabled": false,
            "reserved": true,
            "resource_group_name": "container-githubactions-rg",
            "sku_name": "P1v3",
            "tags": null,
            "timeouts": null,
            "worker_count": 1,
            "zone_balancing_enabled": false
          },
          "sensitive_attributes": [],
          "private": "eyJlMmJmYjczMC1lY2FhLTExZTYtOGY4OC0zNDM2M2JjN2M0YzAiOnsiY3JlYXRlIjozNjAwMDAwMDAwMDAwLCJkZWxldGUiOjM2MDAwMDAwMDAwMDAsInJlYWQiOjMwMDAwMDAwMDAwMCwidXBkYXRlIjozNjAwMDAwMDAwMDAwfSwic2NoZW1hX3ZlcnNpb24iOiIxIn0=",
          "dependencies": [
            "azurerm_resource_group.rg"
          ]
        }
      ]
    },
    {
      "mode": "managed",
      "type": "azurerm_storage_account",
      "name": "strg",
      "provider": "provider[\"registry.terraform.io/hashicorp/azurerm\"]",
      "instances": [
        {
          "schema_version": 4,
          "attributes": {
            "access_tier": "Hot",
            "account_kind": "StorageV2",
            "account_replication_type": "LRS",
            "account_tier": "Standard",
            "allow_nested_items_to_be_public": true,
            "allowed_copy_scope": "",
            "azure_files_authentication": [],
            "blob_properties": [
              {
                "change_feed_enabled": false,
                "change_feed_retention_in_days": 0,
                "container_delete_retention_policy": [],
                "cors_rule": [],
                "default_service_version": "",
                "delete_retention_policy": [],
                "last_access_time_enabled": false,
                "restore_policy": [],
                "versioning_enabled": false
              }
            ],
            "cross_tenant_replication_enabled": true,
            "custom_domain": [],
            "customer_managed_key": [],
            "default_to_oauth_authentication": false,
            "dns_endpoint_type": "Standard",
            "edge_zone": "",
            "enable_https_traffic_only": true,
            "id": "/subscriptions/1dabcf09-861c-4374-aebf-d63be509564b/resourceGroups/container-githubactions-rg/providers/Microsoft.Storage/storageAccounts/containerfunctionghbsa",
            "identity": [],
            "immutability_policy": [],
            "infrastructure_encryption_enabled": false,
            "is_hns_enabled": false,
            "large_file_share_enabled": false,
            "local_user_enabled": true,
            "location": "eastus",
            "min_tls_version": "TLS1_2",
            "name": "containerfunctionghbsa",
            "network_rules": [],
            "nfsv3_enabled": false,
            "primary_access_key": "ADdNi62B0gIloZRqp7g91NvzIGudDeyU8j3Bcaev1ouIp0R0vbAEjvKEj6V8MKXW/i3/Iwr7t8HQ+AStesVH4A==",
            "primary_blob_connection_string": "DefaultEndpointsProtocol=https;BlobEndpoint=https://containerfunctionghbsa.blob.core.windows.net/;AccountName=containerfunctionghbsa;AccountKey=ADdNi62B0gIloZRqp7g91NvzIGudDeyU8j3Bcaev1ouIp0R0vbAEjvKEj6V8MKXW/i3/Iwr7t8HQ+AStesVH4A==",
            "primary_blob_endpoint": "https://containerfunctionghbsa.blob.core.windows.net/",
            "primary_blob_host": "containerfunctionghbsa.blob.core.windows.net",
            "primary_blob_internet_endpoint": "",
            "primary_blob_internet_host": "",
            "primary_blob_microsoft_endpoint": "",
            "primary_blob_microsoft_host": "",
            "primary_connection_string": "DefaultEndpointsProtocol=https;AccountName=containerfunctionghbsa;AccountKey=ADdNi62B0gIloZRqp7g91NvzIGudDeyU8j3Bcaev1ouIp0R0vbAEjvKEj6V8MKXW/i3/Iwr7t8HQ+AStesVH4A==;EndpointSuffix=core.windows.net",
            "primary_dfs_endpoint": "https://containerfunctionghbsa.dfs.core.windows.net/",
            "primary_dfs_host": "containerfunctionghbsa.dfs.core.windows.net",
            "primary_dfs_internet_endpoint": "",
            "primary_dfs_internet_host": "",
            "primary_dfs_microsoft_endpoint": "",
            "primary_dfs_microsoft_host": "",
            "primary_file_endpoint": "https://containerfunctionghbsa.file.core.windows.net/",
            "primary_file_host": "containerfunctionghbsa.file.core.windows.net",
            "primary_file_internet_endpoint": "",
            "primary_file_internet_host": "",
            "primary_file_microsoft_endpoint": "",
            "primary_file_microsoft_host": "",
            "primary_location": "eastus",
            "primary_queue_endpoint": "https://containerfunctionghbsa.queue.core.windows.net/",
            "primary_queue_host": "containerfunctionghbsa.queue.core.windows.net",
            "primary_queue_microsoft_endpoint": "",
            "primary_queue_microsoft_host": "",
            "primary_table_endpoint": "https://containerfunctionghbsa.table.core.windows.net/",
            "primary_table_host": "containerfunctionghbsa.table.core.windows.net",
            "primary_table_microsoft_endpoint": "",
            "primary_table_microsoft_host": "",
            "primary_web_endpoint": "https://containerfunctionghbsa.z13.web.core.windows.net/",
            "primary_web_host": "containerfunctionghbsa.z13.web.core.windows.net",
            "primary_web_internet_endpoint": "",
            "primary_web_internet_host": "",
            "primary_web_microsoft_endpoint": "",
            "primary_web_microsoft_host": "",
            "public_network_access_enabled": true,
            "queue_encryption_key_type": "Service",
            "queue_properties": [
              {
                "cors_rule": [],
                "hour_metrics": [
                  {
                    "enabled": true,
                    "include_apis": true,
                    "retention_policy_days": 7,
                    "version": "1.0"
                  }
                ],
                "logging": [
                  {
                    "delete": false,
                    "read": false,
                    "retention_policy_days": 0,
                    "version": "1.0",
                    "write": false
                  }
                ],
                "minute_metrics": [
                  {
                    "enabled": false,
                    "include_apis": false,
                    "retention_policy_days": 0,
                    "version": "1.0"
                  }
                ]
              }
            ],
            "resource_group_name": "container-githubactions-rg",
            "routing": [],
            "sas_policy": [],
            "secondary_access_key": "b0+XhA0QV/BLgCiQ5E8WvylpAPypFkLruirQ7sKcdOb3mn8pqfl7ye9AQFfFiBbK/YhwYSVBHfJh+AStidCXIw==",
            "secondary_blob_connection_string": "",
            "secondary_blob_endpoint": "",
            "secondary_blob_host": "",
            "secondary_blob_internet_endpoint": "",
            "secondary_blob_internet_host": "",
            "secondary_blob_microsoft_endpoint": "",
            "secondary_blob_microsoft_host": "",
            "secondary_connection_string": "DefaultEndpointsProtocol=https;AccountName=containerfunctionghbsa;AccountKey=b0+XhA0QV/BLgCiQ5E8WvylpAPypFkLruirQ7sKcdOb3mn8pqfl7ye9AQFfFiBbK/YhwYSVBHfJh+AStidCXIw==;EndpointSuffix=core.windows.net",
            "secondary_dfs_endpoint": "",
            "secondary_dfs_host": "",
            "secondary_dfs_internet_endpoint": "",
            "secondary_dfs_internet_host": "",
            "secondary_dfs_microsoft_endpoint": "",
            "secondary_dfs_microsoft_host": "",
            "secondary_file_endpoint": "",
            "secondary_file_host": "",
            "secondary_file_internet_endpoint": "",
            "secondary_file_internet_host": "",
            "secondary_file_microsoft_endpoint": "",
            "secondary_file_microsoft_host": "",
            "secondary_location": "",
            "secondary_queue_endpoint": "",
            "secondary_queue_host": "",
            "secondary_queue_microsoft_endpoint": "",
            "secondary_queue_microsoft_host": "",
            "secondary_table_endpoint": "",
            "secondary_table_host": "",
            "secondary_table_microsoft_endpoint": "",
            "secondary_table_microsoft_host": "",
            "secondary_web_endpoint": "",
            "secondary_web_host": "",
            "secondary_web_internet_endpoint": "",
            "secondary_web_internet_host": "",
            "secondary_web_microsoft_endpoint": "",
            "secondary_web_microsoft_host": "",
            "sftp_enabled": false,
            "share_properties": [
              {
                "cors_rule": [],
                "retention_policy": [
                  {
                    "days": 7
                  }
                ],
                "smb": []
              }
            ],
            "shared_access_key_enabled": true,
            "static_website": [],
            "table_encryption_key_type": "Service",
            "tags": null,
            "timeouts": null
          },
          "sensitive_attributes": [],
          "private": "eyJlMmJmYjczMC1lY2FhLTExZTYtOGY4OC0zNDM2M2JjN2M0YzAiOnsiY3JlYXRlIjozNjAwMDAwMDAwMDAwLCJkZWxldGUiOjM2MDAwMDAwMDAwMDAsInJlYWQiOjMwMDAwMDAwMDAwMCwidXBkYXRlIjozNjAwMDAwMDAwMDAwfSwic2NoZW1hX3ZlcnNpb24iOiI0In0=",
          "dependencies": [
            "azurerm_resource_group.rg"
          ]
        }
      ]
    }
  ],
  "check_results": null
}
